// !$*UTF8*$!
{
	archiveVersion = 1;
	classes = {
	};
	objectVersion = 46;
	objects = {

/* Begin PBXBuildFile section */
		C0BF01871CC4C1E4008ED355 /* AppDelegate.swift in Sources */ = {isa = PBXBuildFile; fileRef = C0BF01861CC4C1E4008ED355 /* AppDelegate.swift */; };
		C0BF01891CC4C1E4008ED355 /* HomeController.swift in Sources */ = {isa = PBXBuildFile; fileRef = C0BF01881CC4C1E4008ED355 /* HomeController.swift */; };
		C0BF018E1CC4C1E4008ED355 /* Assets.xcassets in Resources */ = {isa = PBXBuildFile; fileRef = C0BF018D1CC4C1E4008ED355 /* Assets.xcassets */; };
		C0BF01911CC4C1E4008ED355 /* LaunchScreen.storyboard in Resources */ = {isa = PBXBuildFile; fileRef = C0BF018F1CC4C1E4008ED355 /* LaunchScreen.storyboard */; };
		C0BF019D1CC4C91A008ED355 /* DataModel.swift in Sources */ = {isa = PBXBuildFile; fileRef = C0BF019C1CC4C91A008ED355 /* DataModel.swift */; };
		C0BF019F1CC4CB5C008ED355 /* CollectionViewCell.swift in Sources */ = {isa = PBXBuildFile; fileRef = C0BF019E1CC4CB5C008ED355 /* CollectionViewCell.swift */; };
		C0BF01A41CC4D01F008ED355 /* Main.storyboard in Resources */ = {isa = PBXBuildFile; fileRef = C0BF01A21CC4D01F008ED355 /* Main.storyboard */; };
		C0BF01A61CC4D5F0008ED355 /* CollectionViewCell.xib in Resources */ = {isa = PBXBuildFile; fileRef = C0BF01A81CC4D5F0008ED355 /* CollectionViewCell.xib */; };
		C0BF01D01CC78179008ED355 /* TutorialController.swift in Sources */ = {isa = PBXBuildFile; fileRef = C0BF01CF1CC78179008ED355 /* TutorialController.swift */; };
		C0FC99F91CC7ACE000FB7387 /* video.mov in Resources */ = {isa = PBXBuildFile; fileRef = C0FC99F81CC7ACE000FB7387 /* video.mov */; };
/* End PBXBuildFile section */

/* Begin PBXFileReference section */
		C0BF01831CC4C1E4008ED355 /* Slaski_slabikorz.app */ = {isa = PBXFileReference; explicitFileType = wrapper.application; includeInIndex = 0; path = Slaski_slabikorz.app; sourceTree = BUILT_PRODUCTS_DIR; };
		C0BF01861CC4C1E4008ED355 /* AppDelegate.swift */ = {isa = PBXFileReference; lastKnownFileType = sourcecode.swift; path = AppDelegate.swift; sourceTree = "<group>"; };
		C0BF01881CC4C1E4008ED355 /* HomeController.swift */ = {isa = PBXFileReference; lastKnownFileType = sourcecode.swift; path = HomeController.swift; sourceTree = "<group>"; };
		C0BF018D1CC4C1E4008ED355 /* Assets.xcassets */ = {isa = PBXFileReference; lastKnownFileType = folder.assetcatalog; path = Assets.xcassets; sourceTree = "<group>"; };
		C0BF01901CC4C1E4008ED355 /* Base */ = {isa = PBXFileReference; lastKnownFileType = file.storyboard; name = Base; path = Base.lproj/LaunchScreen.storyboard; sourceTree = "<group>"; };
		C0BF01921CC4C1E4008ED355 /* Info.plist */ = {isa = PBXFileReference; lastKnownFileType = text.plist.xml; path = Info.plist; sourceTree = "<group>"; };
		C0BF019C1CC4C91A008ED355 /* DataModel.swift */ = {isa = PBXFileReference; fileEncoding = 4; lastKnownFileType = sourcecode.swift; name = DataModel.swift; path = ../DataModel.swift; sourceTree = "<group>"; };
		C0BF019E1CC4CB5C008ED355 /* CollectionViewCell.swift */ = {isa = PBXFileReference; fileEncoding = 4; lastKnownFileType = sourcecode.swift; path = CollectionViewCell.swift; sourceTree = "<group>"; };
		C0BF01A31CC4D01F008ED355 /* Base */ = {isa = PBXFileReference; lastKnownFileType = file.storyboard; name = Base; path = Base.lproj/Main.storyboard; sourceTree = "<group>"; };
		C0BF01A71CC4D5F0008ED355 /* Base */ = {isa = PBXFileReference; lastKnownFileType = file.xib; name = Base; path = Base.lproj/CollectionViewCell.xib; sourceTree = "<group>"; };
		C0BF01CF1CC78179008ED355 /* TutorialController.swift */ = {isa = PBXFileReference; fileEncoding = 4; lastKnownFileType = sourcecode.swift; path = TutorialController.swift; sourceTree = "<group>"; };
		C0FC99F81CC7ACE000FB7387 /* video.mov */ = {isa = PBXFileReference; lastKnownFileType = video.quicktime; name = video.mov; path = ../../../Desktop/video.mov; sourceTree = "<group>"; };
/* End PBXFileReference section */

/* Begin PBXFrameworksBuildPhase section */
		C0BF01801CC4C1E4008ED355 /* Frameworks */ = {
			isa = PBXFrameworksBuildPhase;
			buildActionMask = 2147483647;
			files = (
			);
			runOnlyForDeploymentPostprocessing = 0;
		};
/* End PBXFrameworksBuildPhase section */

/* Begin PBXGroup section */
		C0BF017A1CC4C1E4008ED355 = {
			isa = PBXGroup;
			children = (
				C0BF01851CC4C1E4008ED355 /* Slaski_slabikorz */,
				C0BF01841CC4C1E4008ED355 /* Products */,
			);
			sourceTree = "<group>";
		};
		C0BF01841CC4C1E4008ED355 /* Products */ = {
			isa = PBXGroup;
			children = (
				C0BF01831CC4C1E4008ED355 /* Slaski_slabikorz.app */,
			);
			name = Products;
			sourceTree = "<group>";
		};
		C0BF01851CC4C1E4008ED355 /* Slaski_slabikorz */ = {
			isa = PBXGroup;
			children = (
				C0BF01861CC4C1E4008ED355 /* AppDelegate.swift */,
				C0BF01CC1CC60D3D008ED355 /* HomeController */,
				C0BF01CD1CC60D5B008ED355 /* CustomCell */,
				C0BF01CE1CC60D65008ED355 /* Data */,
				C0BF018D1CC4C1E4008ED355 /* Assets.xcassets */,
				C0FC99F81CC7ACE000FB7387 /* video.mov */,
				C0BF018F1CC4C1E4008ED355 /* LaunchScreen.storyboard */,
				C0BF01921CC4C1E4008ED355 /* Info.plist */,
			);
			path = Slaski_slabikorz;
			sourceTree = "<group>";
		};
		C0BF01CC1CC60D3D008ED355 /* HomeController */ = {
			isa = PBXGroup;
			children = (
				C0BF01A21CC4D01F008ED355 /* Main.storyboard */,
				C0BF01CF1CC78179008ED355 /* TutorialController.swift */,
				C0BF01881CC4C1E4008ED355 /* HomeController.swift */,
			);
			name = HomeController;
			sourceTree = "<group>";
		};
		C0BF01CD1CC60D5B008ED355 /* CustomCell */ = {
			isa = PBXGroup;
			children = (
				C0BF019E1CC4CB5C008ED355 /* CollectionViewCell.swift */,
				C0BF01A81CC4D5F0008ED355 /* CollectionViewCell.xib */,
			);
			name = CustomCell;
			sourceTree = "<group>";
		};
		C0BF01CE1CC60D65008ED355 /* Data */ = {
			isa = PBXGroup;
			children = (
				C0BF019C1CC4C91A008ED355 /* DataModel.swift */,
			);
			name = Data;
			sourceTree = "<group>";
		};
/* End PBXGroup section */

/* Begin PBXNativeTarget section */
		C0BF01821CC4C1E4008ED355 /* Slaski_slabikorz */ = {
			isa = PBXNativeTarget;
			buildConfigurationList = C0BF01951CC4C1E4008ED355 /* Build configuration list for PBXNativeTarget "Slaski_slabikorz" */;
			buildPhases = (
				C0BF017F1CC4C1E4008ED355 /* Sources */,
				C0BF01801CC4C1E4008ED355 /* Frameworks */,
				C0BF01811CC4C1E4008ED355 /* Resources */,
			);
			buildRules = (
			);
			dependencies = (
			);
			name = Slaski_slabikorz;
			productName = Slaski_slabikorz;
			productReference = C0BF01831CC4C1E4008ED355 /* Slaski_slabikorz.app */;
			productType = "com.apple.product-type.application";
		};
/* End PBXNativeTarget section */

/* Begin PBXProject section */
		C0BF017B1CC4C1E4008ED355 /* Project object */ = {
			isa = PBXProject;
			attributes = {
				LastSwiftUpdateCheck = 0720;
				LastUpgradeCheck = 0720;
				ORGANIZATIONNAME = karolpiwowarczyk.pl;
				TargetAttributes = {
					C0BF01821CC4C1E4008ED355 = {
						CreatedOnToolsVersion = 7.2.1;
					};
				};
			};
			buildConfigurationList = C0BF017E1CC4C1E4008ED355 /* Build configuration list for PBXProject "Slaski_slabikorz" */;
			compatibilityVersion = "Xcode 3.2";
			developmentRegion = English;
			hasScannedForEncodings = 0;
			knownRegions = (
				en,
				Base,
			);
			mainGroup = C0BF017A1CC4C1E4008ED355;
			productRefGroup = C0BF01841CC4C1E4008ED355 /* Products */;
			projectDirPath = "";
			projectRoot = "";
			targets = (
				C0BF01821CC4C1E4008ED355 /* Slaski_slabikorz */,
			);
		};
/* End PBXProject section */

/* Begin PBXResourcesBuildPhase section */
		C0BF01811CC4C1E4008ED355 /* Resources */ = {
			isa = PBXResourcesBuildPhase;
			buildActionMask = 2147483647;
			files = (
				C0BF01911CC4C1E4008ED355 /* LaunchScreen.storyboard in Resources */,
				C0BF018E1CC4C1E4008ED355 /* Assets.xcassets in Resources */,
				C0BF01A61CC4D5F0008ED355 /* CollectionViewCell.xib in Resources */,
				C0FC99F91CC7ACE000FB7387 /* video.mov in Resources */,
				C0BF01A41CC4D01F008ED355 /* Main.storyboard in Resources */,
			);
			runOnlyForDeploymentPostprocessing = 0;
		};
/* End PBXResourcesBuildPhase section */

/* Begin PBXSourcesBuildPhase section */
		C0BF017F1CC4C1E4008ED355 /* Sources */ = {
			isa = PBXSourcesBuildPhase;
			buildActionMask = 2147483647;
			files = (
				C0BF01891CC4C1E4008ED355 /* HomeController.swift in Sources */,
				C0BF01871CC4C1E4008ED355 /* AppDelegate.swift in Sources */,
				C0BF019F1CC4CB5C008ED355 /* CollectionViewCell.swift in Sources */,
				C0BF01D01CC78179008ED355 /* TutorialController.swift in Sources */,
				C0BF019D1CC4C91A008ED355 /* DataModel.swift in Sources */,
			);
			runOnlyForDeploymentPostprocessing = 0;
		};
/* End PBXSourcesBuildPhase section */

/* Begin PBXVariantGroup section */
		C0BF018F1CC4C1E4008ED355 /* LaunchScreen.storyboard */ = {
			isa = PBXVariantGroup;
			children = (
				C0BF01901CC4C1E4008ED355 /* Base */,
			);
			name = LaunchScreen.storyboard;
			sourceTree = "<group>";
		};
		C0BF01A21CC4D01F008ED355 /* Main.storyboard */ = {
			isa = PBXVariantGroup;
			children = (
				C0BF01A31CC4D01F008ED355 /* Base */,
			);
			name = Main.storyboard;
			sourceTree = "<group>";
		};
		C0BF01A81CC4D5F0008ED355 /* CollectionViewCell.xib */ = {
			isa = PBXVariantGroup;
			children = (
				C0BF01A71CC4D5F0008ED355 /* Base */,
			);
			name = CollectionViewCell.xib;
			sourceTree = "<group>";
		};
/* End PBXVariantGroup section */

/* Begin XCBuildConfiguration section */
		C0BF01931CC4C1E4008ED355 /* Debug */ = {
			isa = XCBuildConfiguration;
			buildSettings = {
				ALWAYS_SEARCH_USER_PATHS = NO;
				CLANG_CXX_LANGUAGE_STANDARD = "gnu++0x";
				CLANG_CXX_LIBRARY = "libc++";
				CLANG_ENABLE_MODULES = YES;
				CLANG_ENABLE_OBJC_ARC = YES;
				CLANG_WARN_BOOL_CONVERSION = YES;
				CLANG_WARN_CONSTANT_CONVERSION = YES;
				CLANG_WARN_DIRECT_OBJC_ISA_USAGE = YES_ERROR;
				CLANG_WARN_EMPTY_BODY = YES;
				CLANG_WARN_ENUM_CONVERSION = YES;
				CLANG_WARN_INT_CONVERSION = YES;
				CLANG_WARN_OBJC_ROOT_CLASS = YES_ERROR;
				CLANG_WARN_UNREACHABLE_CODE = YES;
				CLANG_WARN__DUPLICATE_METHOD_MATCH = YES;
				"CODE_SIGN_IDENTITY[sdk=iphoneos*]" = "iPhone Developer";
				COPY_PHASE_STRIP = NO;
				DEBUG_INFORMATION_FORMAT = dwarf;
				ENABLE_STRICT_OBJC_MSGSEND = YES;
				ENABLE_TESTABILITY = YES;
				GCC_C_LANGUAGE_STANDARD = gnu99;
				GCC_DYNAMIC_NO_PIC = NO;
				GCC_NO_COMMON_BLOCKS = YES;
				GCC_OPTIMIZATION_LEVEL = 0;
				GCC_PREPROCESSOR_DEFINITIONS = (
					"DEBUG=1",
					"$(inherited)",
				);
				GCC_WARN_64_TO_32_BIT_CONVERSION = YES;
				GCC_WARN_ABOUT_RETURN_TYPE = YES_ERROR;
				GCC_WARN_UNDECLARED_SELECTOR = YES;
				GCC_WARN_UNINITIALIZED_AUTOS = YES_AGGRESSIVE;
				GCC_WARN_UNUSED_FUNCTION = YES;
				GCC_WARN_UNUSED_VARIABLE = YES;
				IPHONEOS_DEPLOYMENT_TARGET = 9.2;
				MTL_ENABLE_DEBUG_INFO = YES;
				ONLY_ACTIVE_ARCH = YES;
				SDKROOT = iphoneos;
				SWIFT_OPTIMIZATION_LEVEL = "-Onone";
			};
			name = Debug;
		};
		C0BF01941CC4C1E4008ED355 /* Release */ = {
			isa = XCBuildConfiguration;
			buildSettings = {
				ALWAYS_SEARCH_USER_PATHS = NO;
				CLANG_CXX_LANGUAGE_STANDARD = "gnu++0x";
				CLANG_CXX_LIBRARY = "libc++";
				CLANG_ENABLE_MODULES = YES;
				CLANG_ENABLE_OBJC_ARC = YES;
				CLANG_WARN_BOOL_CONVERSION = YES;
				CLANG_WARN_CONSTANT_CONVERSION = YES;
				CLANG_WARN_DIRECT_OBJC_ISA_USAGE = YES_ERROR;
				CLANG_WARN_EMPTY_BODY = YES;
				CLANG_WARN_ENUM_CONVERSION = YES;
				CLANG_WARN_INT_CONVERSION = YES;
				CLANG_WARN_OBJC_ROOT_CLASS = YES_ERROR;
				CLANG_WARN_UNREACHABLE_CODE = YES;
				CLANG_WARN__DUPLICATE_METHOD_MATCH = YES;
				"CODE_SIGN_IDENTITY[sdk=iphoneos*]" = "iPhone Developer";
				COPY_PHASE_STRIP = NO;
				DEBUG_INFORMATION_FORMAT = "dwarf-with-dsym";
				ENABLE_NS_ASSERTIONS = NO;
				ENABLE_STRICT_OBJC_MSGSEND = YES;
				GCC_C_LANGUAGE_STANDARD = gnu99;
				GCC_NO_COMMON_BLOCKS = YES;
				GCC_WARN_64_TO_32_BIT_CONVERSION = YES;
				GCC_WARN_ABOUT_RETURN_TYPE = YES_ERROR;
				GCC_WARN_UNDECLARED_SELECTOR = YES;
				GCC_WARN_UNINITIALIZED_AUTOS = YES_AGGRESSIVE;
				GCC_WARN_UNUSED_FUNCTION = YES;
				GCC_WARN_UNUSED_VARIABLE = YES;
				IPHONEOS_DEPLOYMENT_TARGET = 9.2;
				MTL_ENABLE_DEBUG_INFO = NO;
				SDKROOT = iphoneos;
				VALIDATE_PRODUCT = YES;
			};
			name = Release;
		};
		C0BF01961CC4C1E4008ED355 /* Debug */ = {
			isa = XCBuildConfiguration;
			buildSettings = {
				ASSETCATALOG_COMPILER_APPICON_NAME = AppIcon;
				INFOPLIST_FILE = Slaski_slabikorz/Info.plist;
				LD_RUNPATH_SEARCH_PATHS = "$(inherited) @executable_path/Frameworks";
				PRODUCT_BUNDLE_IDENTIFIER = "pl.karolpiwowarczyk.Slaski-slabikorz";
				PRODUCT_NAME = "$(TARGET_NAME)";
			};
			name = Debug;
		};
		C0BF01971CC4C1E4008ED355 /* Release */ = {
			isa = XCBuildConfiguration;
			buildSettings = {
				ASSETCATALOG_COMPILER_APPICON_NAME = AppIcon;
				INFOPLIST_FILE = Slaski_slabikorz/Info.plist;
				LD_RUNPATH_SEARCH_PATHS = "$(inherited) @executable_path/Frameworks";
				PRODUCT_BUNDLE_IDENTIFIER = "pl.karolpiwowarczyk.Slaski-slabikorz";
				PRODUCT_NAME = "$(TARGET_NAME)";
			};
			name = Release;
		};
/* End XCBuildConfiguration section */

/* Begin XCConfigurationList section */
		C0BF017E1CC4C1E4008ED355 /* Build configuration list for PBXProject "Slaski_slabikorz" */ = {
			isa = XCConfigurationList;
			buildConfigurations = (
				C0BF01931CC4C1E4008ED355 /* Debug */,
				C0BF01941CC4C1E4008ED355 /* Release */,
			);
			defaultConfigurationIsVisible = 0;
			defaultConfigurationName = Release;
		};
		C0BF01951CC4C1E4008ED355 /* Build configuration list for PBXNativeTarget "Slaski_slabikorz" */ = {
			isa = XCConfigurationList;
			buildConfigurations = (
				C0BF01961CC4C1E4008ED355 /* Debug */,
				C0BF01971CC4C1E4008ED355 /* Release */,
			);
			defaultConfigurationIsVisible = 0;
			defaultConfigurationName = Release;
		};
/* End XCConfigurationList section */
	};
	rootObject = C0BF017B1CC4C1E4008ED355 /* Project object */;
}
